// !$*UTF8*$!
{
	archiveVersion = 1;
	classes = {
	};
	objectVersion = 56;
	objects = {

/* Begin PBXBuildFile section */
		002200000000000000000001 /* AgentDigitalTwinApp.swift in Sources */ = {isa = PBXBuildFile; fileRef = 001100000000000000000001 /* AgentDigitalTwinApp.swift */; };
		002200000000000000000002 /* ContentView.swift in Sources */ = {isa = PBXBuildFile; fileRef = 001100000000000000000002 /* ContentView.swift */; };
		002200000000000000000003 /* CardView.swift in Sources */ = {isa = PBXBuildFile; fileRef = 001100000000000000000003 /* CardView.swift */; };
		002200000000000000000004 /* TaskProgressOverlay.swift in Sources */ = {isa = PBXBuildFile; fileRef = 001100000000000000000004 /* TaskProgressOverlay.swift */; };
		002200000000000000000005 /* HeaderView.swift in Sources */ = {isa = PBXBuildFile; fileRef = 001100000000000000000005 /* HeaderView.swift */; };
		002200000000000000000006 /* MessageInputView.swift in Sources */ = {isa = PBXBuildFile; fileRef = 001100000000000000000006 /* MessageInputView.swift */; };
		002200000000000000000007 /* StarsBackground.swift in Sources */ = {isa = PBXBuildFile; fileRef = 001100000000000000000007 /* StarsBackground.swift */; };
		002200000000000000000008 /* Models.swift in Sources */ = {isa = PBXBuildFile; fileRef = 001100000000000000000008 /* Models.swift */; };
		002200000000000000000009 /* ScheduleManager.swift in Sources */ = {isa = PBXBuildFile; fileRef = 001100000000000000000009 /* ScheduleManager.swift */; };
		00220000000000000000000A /* Assets.xcassets in Resources */ = {isa = PBXBuildFile; fileRef = 00110000000000000000000A /* Assets.xcassets */; };
		00220000000000000000000B /* Preview Assets.xcassets in Resources */ = {isa = PBXBuildFile; fileRef = 00110000000000000000000B /* Preview Assets.xcassets */; };
		00220000000000000000000C /* PersonaModel.swift in Sources */ = {isa = PBXBuildFile; fileRef = 00110000000000000000000C /* PersonaModel.swift */; };
		00220000000000000000000D /* PersonaManager.swift in Sources */ = {isa = PBXBuildFile; fileRef = 00110000000000000000000D /* PersonaManager.swift */; };
		00220000000000000000000E /* PersonaSelectorView.swift in Sources */ = {isa = PBXBuildFile; fileRef = 00110000000000000000000E /* PersonaSelectorView.swift */; };
		00220000000000000000000F /* PersonaSettingsView.swift in Sources */ = {isa = PBXBuildFile; fileRef = 00110000000000000000000F /* PersonaSettingsView.swift */; };
		002200000000000000000010 /* CommandChatView.swift in Sources */ = {isa = PBXBuildFile; fileRef = 001100000000000000000010 /* CommandChatView.swift */; };
		002200000000000000000011 /* TodayOverviewView.swift in Sources */ = {isa = PBXBuildFile; fileRef = 001100000000000000000011 /* TodayOverviewView.swift */; };
		002200000000000000000012 /* ConfirmExecuteSheet.swift in Sources */ = {isa = PBXBuildFile; fileRef = 001100000000000000000012 /* ConfirmExecuteSheet.swift */; };
		002200000000000000000013 /* SideDrawerView.swift in Sources */ = {isa = PBXBuildFile; fileRef = 001100000000000000000013 /* SideDrawerView.swift */; };
		002200000000000000000014 /* CompanionChatView.swift in Sources */ = {isa = PBXBuildFile; fileRef = 001100000000000000000014 /* CompanionChatView.swift */; };
/* End PBXBuildFile section */

/* Begin PBXFileReference section */
		001100000000000000000001 /* AgentDigitalTwinApp.swift */ = {isa = PBXFileReference; lastKnownFileType = sourcecode.swift; path = AgentDigitalTwinApp.swift; sourceTree = "<group>"; };
		001100000000000000000002 /* ContentView.swift */ = {isa = PBXFileReference; lastKnownFileType = sourcecode.swift; path = ContentView.swift; sourceTree = "<group>"; };
		001100000000000000000003 /* CardView.swift */ = {isa = PBXFileReference; lastKnownFileType = sourcecode.swift; path = CardView.swift; sourceTree = "<group>"; };
		001100000000000000000004 /* TaskProgressOverlay.swift */ = {isa = PBXFileReference; lastKnownFileType = sourcecode.swift; path = TaskProgressOverlay.swift; sourceTree = "<group>"; };
		001100000000000000000005 /* HeaderView.swift */ = {isa = PBXFileReference; lastKnownFileType = sourcecode.swift; path = HeaderView.swift; sourceTree = "<group>"; };
		001100000000000000000006 /* MessageInputView.swift */ = {isa = PBXFileReference; lastKnownFileType = sourcecode.swift; path = MessageInputView.swift; sourceTree = "<group>"; };
		001100000000000000000007 /* StarsBackground.swift */ = {isa = PBXFileReference; lastKnownFileType = sourcecode.swift; path = StarsBackground.swift; sourceTree = "<group>"; };
		001100000000000000000008 /* Models.swift */ = {isa = PBXFileReference; lastKnownFileType = sourcecode.swift; path = Models.swift; sourceTree = "<group>"; };
		001100000000000000000009 /* ScheduleManager.swift */ = {isa = PBXFileReference; lastKnownFileType = sourcecode.swift; path = ScheduleManager.swift; sourceTree = "<group>"; };
		00110000000000000000000A /* Assets.xcassets */ = {isa = PBXFileReference; lastKnownFileType = folder.assetcatalog; path = Assets.xcassets; sourceTree = "<group>"; };
		00110000000000000000000B /* Preview Assets.xcassets */ = {isa = PBXFileReference; lastKnownFileType = folder.assetcatalog; path = "Preview Assets.xcassets"; sourceTree = "<group>"; };
		AAABBBC0D0E0F1A2B3C4D5E8 /* AgentDigitalTwin.app */ = {isa = PBXFileReference; explicitFileType = wrapper.application; includeInIndex = 0; path = AgentDigitalTwin.app; sourceTree = BUILT_PRODUCTS_DIR; };
		00110000000000000000000C /* PersonaModel.swift */ = {isa = PBXFileReference; lastKnownFileType = sourcecode.swift; path = PersonaModel.swift; sourceTree = "<group>"; };
		00110000000000000000000D /* PersonaManager.swift */ = {isa = PBXFileReference; lastKnownFileType = sourcecode.swift; path = PersonaManager.swift; sourceTree = "<group>"; };
		00110000000000000000000E /* PersonaSelectorView.swift */ = {isa = PBXFileReference; lastKnownFileType = sourcecode.swift; path = PersonaSelectorView.swift; sourceTree = "<group>"; };
		00110000000000000000000F /* PersonaSettingsView.swift */ = {isa = PBXFileReference; lastKnownFileType = sourcecode.swift; path = PersonaSettingsView.swift; sourceTree = "<group>"; };
		001100000000000000000010 /* CommandChatView.swift */ = {isa = PBXFileReference; lastKnownFileType = sourcecode.swift; path = CommandChatView.swift; sourceTree = "<group>"; };
		001100000000000000000011 /* TodayOverviewView.swift */ = {isa = PBXFileReference; lastKnownFileType = sourcecode.swift; path = TodayOverviewView.swift; sourceTree = "<group>"; };
		001100000000000000000012 /* ConfirmExecuteSheet.swift */ = {isa = PBXFileReference; lastKnownFileType = sourcecode.swift; path = ConfirmExecuteSheet.swift; sourceTree = "<group>"; };
		001100000000000000000013 /* SideDrawerView.swift */ = {isa = PBXFileReference; lastKnownFileType = sourcecode.swift; path = SideDrawerView.swift; sourceTree = "<group>"; };
		001100000000000000000014 /* CompanionChatView.swift */ = {isa = PBXFileReference; lastKnownFileType = sourcecode.swift; path = CompanionChatView.swift; sourceTree = "<group>"; };
/* End PBXFileReference section */

/* Begin PBXFrameworksBuildPhase section */
		AAABBBC0D0E0F1A2B3C4D5F2 /* Frameworks */ = {
			isa = PBXFrameworksBuildPhase;
			buildActionMask = 2147483647;
			files = (
			);
			runOnlyForDeploymentPostprocessing = 0;
		};
/* End PBXFrameworksBuildPhase section */

/* Begin PBXGroup section */
		AAABBBC0D0E0F1A2B3C4D5E9 /* MainGroup */ = {
			isa = PBXGroup;
			children = (
				AAABBBC0D0E0F1A2B3C4D5EA /* AgentDigitalTwin */,
				AAABBBC0D0E0F1A2B3C4D5EB /* Products */,
			);
			sourceTree = "<group>";
		};
		AAABBBC0D0E0F1A2B3C4D5EA /* AgentDigitalTwin */ = {
			isa = PBXGroup;
			children = (
				001100000000000000000001 /* AgentDigitalTwinApp.swift */,
				001100000000000000000002 /* ContentView.swift */,
				001100000000000000000003 /* CardView.swift */,
				001100000000000000000004 /* TaskProgressOverlay.swift */,
				001100000000000000000005 /* HeaderView.swift */,
				001100000000000000000006 /* MessageInputView.swift */,
				001100000000000000000007 /* StarsBackground.swift */,
				001100000000000000000008 /* Models.swift */,
				001100000000000000000009 /* ScheduleManager.swift */,
				00110000000000000000000C /* PersonaModel.swift */,
				00110000000000000000000D /* PersonaManager.swift */,
				00110000000000000000000E /* PersonaSelectorView.swift */,
				00110000000000000000000F /* PersonaSettingsView.swift */,
				001100000000000000000010 /* CommandChatView.swift */,
				001100000000000000000011 /* TodayOverviewView.swift */,
				001100000000000000000012 /* ConfirmExecuteSheet.swift */,
				001100000000000000000013 /* SideDrawerView.swift */,
				001100000000000000000014 /* CompanionChatView.swift */,
				00110000000000000000000A /* Assets.xcassets */,
				AAABBBC0D0E0F1A2B3C4D5EC /* Preview Content */,
			);
			path = AgentDigitalTwin;
			sourceTree = "<group>";
		};
		AAABBBC0D0E0F1A2B3C4D5EB /* Products */ = {
			isa = PBXGroup;
			children = (
				AAABBBC0D0E0F1A2B3C4D5E8 /* AgentDigitalTwin.app */,
			);
			name = Products;
			sourceTree = "<group>";
		};
		AAABBBC0D0E0F1A2B3C4D5EC /* Preview Content */ = {
			isa = PBXGroup;
			children = (
				00110000000000000000000B /* Preview Assets.xcassets */,
			);
			path = "Preview Content";
			sourceTree = "<group>";
		};
/* End PBXGroup section */

/* Begin PBXNativeTarget section */
		AAABBBC0D0E0F1A2B3C4D5E7 /* AgentDigitalTwin */ = {
			isa = PBXNativeTarget;
			buildConfigurationList = AAABBBC0D0E0F1A2B3C4D5F4 /* Build configuration list for PBXNativeTarget "AgentDigitalTwin" */;
			buildPhases = (
				AAABBBC0D0E0F1A2B3C4D5F0 /* Sources */,
				AAABBBC0D0E0F1A2B3C4D5F1 /* Resources */,
				AAABBBC0D0E0F1A2B3C4D5F2 /* Frameworks */,
			);
			buildRules = (
			);
			dependencies = (
			);
			name = AgentDigitalTwin;
			productName = AgentDigitalTwin;
			productReference = AAABBBC0D0E0F1A2B3C4D5E8 /* AgentDigitalTwin.app */;
			productType = "com.apple.product-type.application";
		};
/* End PBXNativeTarget section */

/* Begin PBXProject section */
		AAABBBC0D0E0F1A2B3C4D5E6 /* Project object */ = {
			isa = PBXProject;
			attributes = {
				BuildIndependentTargetsInParallel = 1;
				LastSwiftUpdateCheck = 1500;
				LastUpgradeCheck = 1500;
				TargetAttributes = {
					AAABBBC0D0E0F1A2B3C4D5E7 = {
						CreatedOnToolsVersion = 15.0;
					};
				};
			};
			buildConfigurationList = AAABBBC0D0E0F1A2B3C4D5F3 /* Build configuration list for PBXProject "AgentDigitalTwin" */;
			compatibilityVersion = "Xcode 14.0";
			developmentRegion = zh_CN;
			hasScannedForEncodings = 0;
			knownRegions = (
				en,
				"zh-Hans",
				Base,
			);
			mainGroup = AAABBBC0D0E0F1A2B3C4D5E9;
			productRefGroup = AAABBBC0D0E0F1A2B3C4D5EB /* Products */;
			projectDirPath = "";
			projectRoot = "";
			targets = (
				AAABBBC0D0E0F1A2B3C4D5E7 /* AgentDigitalTwin */,
			);
		};
/* End PBXProject section */

/* Begin PBXResourcesBuildPhase section */
		AAABBBC0D0E0F1A2B3C4D5F1 /* Resources */ = {
			isa = PBXResourcesBuildPhase;
			buildActionMask = 2147483647;
			files = (
				00220000000000000000000A /* Assets.xcassets in Resources */,
				00220000000000000000000B /* Preview Assets.xcassets in Resources */,
			);
			runOnlyForDeploymentPostprocessing = 0;
		};
/* End PBXResourcesBuildPhase section */

/* Begin PBXSourcesBuildPhase section */
		AAABBBC0D0E0F1A2B3C4D5F0 /* Sources */ = {
			isa = PBXSourcesBuildPhase;
			buildActionMask = 2147483647;
			files = (
				002200000000000000000001 /* AgentDigitalTwinApp.swift in Sources */,
				002200000000000000000002 /* ContentView.swift in Sources */,
				002200000000000000000003 /* CardView.swift in Sources */,
				002200000000000000000004 /* TaskProgressOverlay.swift in Sources */,
				002200000000000000000005 /* HeaderView.swift in Sources */,
				002200000000000000000006 /* MessageInputView.swift in Sources */,
				002200000000000000000007 /* StarsBackground.swift in Sources */,
				002200000000000000000008 /* Models.swift in Sources */,
				002200000000000000000009 /* ScheduleManager.swift in Sources */,
				00220000000000000000000C /* PersonaModel.swift in Sources */,
				00220000000000000000000D /* PersonaManager.swift in Sources */,
				00220000000000000000000E /* PersonaSelectorView.swift in Sources */,
				00220000000000000000000F /* PersonaSettingsView.swift in Sources */,
				002200000000000000000010 /* CommandChatView.swift in Sources */,
				002200000000000000000011 /* TodayOverviewView.swift in Sources */,
				002200000000000000000012 /* ConfirmExecuteSheet.swift in Sources */,
				002200000000000000000013 /* SideDrawerView.swift in Sources */,
				002200000000000000000014 /* CompanionChatView.swift in Sources */,
			);
			runOnlyForDeploymentPostprocessing = 0;
		};
/* End PBXSourcesBuildPhase section */

/* Begin XCBuildConfiguration section */
		AAABBBC0D0E0F1A2B3C4D5F5 /* Debug */ = {
			isa = XCBuildConfiguration;
			buildSettings = {
				ALWAYS_SEARCH_USER_PATHS = NO;
				ASSETCATALOG_COMPILER_GENERATE_SWIFT_ASSET_SYMBOL_EXTENSIONS = YES;
				CLANG_ANALYZER_NONNULL = YES;
				CLANG_ANALYZER_NUMBER_OBJECT_CONVERSION = YES_AGGRESSIVE;
				CLANG_CXX_LANGUAGE_STANDARD = "gnu++20";
				CLANG_ENABLE_MODULES = YES;
				CLANG_ENABLE_OBJC_ARC = YES;
				CLANG_ENABLE_OBJC_WEAK = YES;
				CLANG_WARN_BLOCK_CAPTURE_AUTORELEASING = YES;
				CLANG_WARN_BOOL_CONVERSION = YES;
				CLANG_WARN_COMMA = YES;
				CLANG_WARN_CONSTANT_CONVERSION = YES;
				CLANG_WARN_DEPRECATED_OBJC_IMPLEMENTATIONS = YES;
				CLANG_WARN_DIRECT_OBJC_ISA_USAGE = YES_ERROR;
				CLANG_WARN_DOCUMENTATION_COMMENTS = YES;
				CLANG_WARN_EMPTY_BODY = YES;
				CLANG_WARN_ENUM_CONVERSION = YES;
				CLANG_WARN_INFINITE_RECURSION = YES;
				CLANG_WARN_INT_CONVERSION = YES;
				CLANG_WARN_NON_LITERAL_NULL_CONVERSION = YES;
				CLANG_WARN_OBJC_IMPLICIT_RETAIN_CYCLE = YES;
				CLANG_WARN_OBJC_LITERAL_CONVERSION = YES;
				CLANG_WARN_OBJC_ROOT_CLASS = YES_ERROR;
				CLANG_WARN_QUOTED_INCLUDE_IN_FRAMEWORK_HEADER = YES;
				CLANG_WARN_RANGE_LOOP_ANALYSIS = YES;
				CLANG_WARN_STRICT_PROTOTYPES = YES;
				CLANG_WARN_SUSPICIOUS_MOVE = YES;
				CLANG_WARN_UNGUARDED_AVAILABILITY = YES_AGGRESSIVE;
				CLANG_WARN_UNREACHABLE_CODE = YES;
				CLANG_WARN__DUPLICATE_METHOD_MATCH = YES;
				COPY_PHASE_STRIP = NO;
				DEBUG_INFORMATION_FORMAT = dwarf;
				ENABLE_STRICT_OBJC_MSGSEND = YES;
				ENABLE_TESTABILITY = YES;
				ENABLE_USER_SCRIPT_SANDBOXING = YES;
				GCC_C_LANGUAGE_STANDARD = gnu17;
				GCC_DYNAMIC_NO_PIC = NO;
				GCC_NO_COMMON_BLOCKS = YES;
				GCC_OPTIMIZATION_LEVEL = 0;
				GCC_PREPROCESSOR_DEFINITIONS = (
					"DEBUG=1",
					"$(inherited)",
				);
				GCC_WARN_64_TO_32_BIT_CONVERSION = YES;
				GCC_WARN_ABOUT_RETURN_TYPE = YES_ERROR;
				GCC_WARN_UNDECLARED_SELECTOR = YES;
				GCC_WARN_UNINITIALIZED_AUTOS = YES_AGGRESSIVE;
				GCC_WARN_UNUSED_FUNCTION = YES;
				GCC_WARN_UNUSED_VARIABLE = YES;
				IPHONEOS_DEPLOYMENT_TARGET = 16.0;
				MTL_ENABLE_DEBUG_INFO = INCLUDE_SOURCE;
				MTL_FAST_MATH = YES;
				ONLY_ACTIVE_ARCH = YES;
				SDKROOT = iphoneos;
				SWIFT_ACTIVE_COMPILATION_CONDITIONS = "DEBUG $(inherited)";
				SWIFT_OPTIMIZATION_LEVEL = "-Onone";
			};
			name = Debug;
		};
		AAABBBC0D0E0F1A2B3C4D5F6 /* Release */ = {
			isa = XCBuildConfiguration;
			buildSettings = {
				ALWAYS_SEARCH_USER_PATHS = NO;
				ASSETCATALOG_COMPILER_GENERATE_SWIFT_ASSET_SYMBOL_EXTENSIONS = YES;
				CLANG_ANALYZER_NONNULL = YES;
				CLANG_ANALYZER_NUMBER_OBJECT_CONVERSION = YES_AGGRESSIVE;
				CLANG_CXX_LANGUAGE_STANDARD = "gnu++20";
				CLANG_ENABLE_MODULES = YES;
				CLANG_ENABLE_OBJC_ARC = YES;
				CLANG_ENABLE_OBJC_WEAK = YES;
				CLANG_WARN_BLOCK_CAPTURE_AUTORELEASING = YES;
				CLANG_WARN_BOOL_CONVERSION = YES;
				CLANG_WARN_COMMA = YES;
				CLANG_WARN_CONSTANT_CONVERSION = YES;
				CLANG_WARN_DEPRECATED_OBJC_IMPLEMENTATIONS = YES;
				CLANG_WARN_DIRECT_OBJC_ISA_USAGE = YES_ERROR;
				CLANG_WARN_DOCUMENTATION_COMMENTS = YES;
				CLANG_WARN_EMPTY_BODY = YES;
				CLANG_WARN_ENUM_CONVERSION = YES;
				CLANG_WARN_INFINITE_RECURSION = YES;
				CLANG_WARN_INT_CONVERSION = YES;
				CLANG_WARN_NON_LITERAL_NULL_CONVERSION = YES;
				CLANG_WARN_OBJC_IMPLICIT_RETAIN_CYCLE = YES;
				CLANG_WARN_OBJC_LITERAL_CONVERSION = YES;
				CLANG_WARN_OBJC_ROOT_CLASS = YES_ERROR;
				CLANG_WARN_QUOTED_INCLUDE_IN_FRAMEWORK_HEADER = YES;
				CLANG_WARN_RANGE_LOOP_ANALYSIS = YES;
				CLANG_WARN_STRICT_PROTOTYPES = YES;
				CLANG_WARN_SUSPICIOUS_MOVE = YES;
				CLANG_WARN_UNGUARDED_AVAILABILITY = YES_AGGRESSIVE;
				CLANG_WARN_UNREACHABLE_CODE = YES;
				CLANG_WARN__DUPLICATE_METHOD_MATCH = YES;
				COPY_PHASE_STRIP = NO;
				DEBUG_INFORMATION_FORMAT = "dwarf-with-dsym";
				ENABLE_NS_ASSERTIONS = NO;
				ENABLE_STRICT_OBJC_MSGSEND = YES;
				ENABLE_USER_SCRIPT_SANDBOXING = YES;
				GCC_C_LANGUAGE_STANDARD = gnu17;
				GCC_NO_COMMON_BLOCKS = YES;
				GCC_WARN_64_TO_32_BIT_CONVERSION = YES;
				GCC_WARN_ABOUT_RETURN_TYPE = YES_ERROR;
				GCC_WARN_UNDECLARED_SELECTOR = YES;
				GCC_WARN_UNINITIALIZED_AUTOS = YES_AGGRESSIVE;
				GCC_WARN_UNUSED_FUNCTION = YES;
				GCC_WARN_UNUSED_VARIABLE = YES;
				IPHONEOS_DEPLOYMENT_TARGET = 16.0;
				MTL_FAST_MATH = YES;
				SDKROOT = iphoneos;
				SWIFT_COMPILATION_MODE = wholemodule;
				VALIDATE_PRODUCT = YES;
			};
			name = Release;
		};
		AAABBBC0D0E0F1A2B3C4D5F7 /* Debug */ = {
			isa = XCBuildConfiguration;
			buildSettings = {
				ASSETCATALOG_COMPILER_APPICON_NAME = AppIcon;
				ASSETCATALOG_COMPILER_GLOBAL_ACCENT_COLOR_NAME = AccentColor;
				CODE_SIGN_STYLE = Automatic;
				CURRENT_PROJECT_VERSION = 1;
				DEVELOPMENT_ASSET_PATHS = "\"AgentDigitalTwin/Preview Content\"";
				ENABLE_PREVIEWS = YES;
				GENERATE_INFOPLIST_FILE = YES;
				INFOPLIST_KEY_CFBundleDisplayName = "\U4ee3\U7406\U4eba\U6570\U5b57\U5b6a\U751f";
				INFOPLIST_KEY_UIApplicationSceneManifest_Generation = YES;
				INFOPLIST_KEY_UIApplicationSupportsIndirectInputEvents = YES;
				INFOPLIST_KEY_UILaunchScreen_Generation = YES;
				INFOPLIST_KEY_UISupportedInterfaceOrientations_iPad = "UIInterfaceOrientationPortrait UIInterfaceOrientationPortraitUpsideDown UIInterfaceOrientationLandscapeLeft UIInterfaceOrientationLandscapeRight";
				INFOPLIST_KEY_UISupportedInterfaceOrientations_iPhone = "UIInterfaceOrientationPortrait UIInterfaceOrientationLandscapeLeft UIInterfaceOrientationLandscapeRight";
				LD_RUNPATH_SEARCH_PATHS = (
					"$(inherited)",
					"@executable_path/Frameworks",
				);
				MARKETING_VERSION = 1.0;
				PRODUCT_BUNDLE_IDENTIFIER = "com.digitalagent.AgentDigitalTwin";
				PRODUCT_NAME = "$(TARGET_NAME)";
				SWIFT_EMIT_LOC_STRINGS = YES;
				SWIFT_VERSION = 5.0;
				TARGETED_DEVICE_FAMILY = "1,2";
			};
			name = Debug;
		};
		AAABBBC0D0E0F1A2B3C4D5F8 /* Release */ = {
			isa = XCBuildConfiguration;
			buildSettings = {
				ASSETCATALOG_COMPILER_APPICON_NAME = AppIcon;
				ASSETCATALOG_COMPILER_GLOBAL_ACCENT_COLOR_NAME = AccentColor;
				CODE_SIGN_STYLE = Automatic;
				CURRENT_PROJECT_VERSION = 1;
				DEVELOPMENT_ASSET_PATHS = "\"AgentDigitalTwin/Preview Content\"";
				ENABLE_PREVIEWS = YES;
				GENERATE_INFOPLIST_FILE = YES;
				INFOPLIST_KEY_CFBundleDisplayName = "\U4ee3\U7406\U4eba\U6570\U5b57\U5b6a\U751f";
				INFOPLIST_KEY_UIApplicationSceneManifest_Generation = YES;
				INFOPLIST_KEY_UIApplicationSupportsIndirectInputEvents = YES;
				INFOPLIST_KEY_UILaunchScreen_Generation = YES;
				INFOPLIST_KEY_UISupportedInterfaceOrientations_iPad = "UIInterfaceOrientationPortrait UIInterfaceOrientationPortraitUpsideDown UIInterfaceOrientationLandscapeLeft UIInterfaceOrientationLandscapeRight";
				INFOPLIST_KEY_UISupportedInterfaceOrientations_iPhone = "UIInterfaceOrientationPortrait UIInterfaceOrientationLandscapeLeft UIInterfaceOrientationLandscapeRight";
				LD_RUNPATH_SEARCH_PATHS = (
					"$(inherited)",
					"@executable_path/Frameworks",
				);
				MARKETING_VERSION = 1.0;
				PRODUCT_BUNDLE_IDENTIFIER = "com.digitalagent.AgentDigitalTwin";
				PRODUCT_NAME = "$(TARGET_NAME)";
				SWIFT_EMIT_LOC_STRINGS = YES;
				SWIFT_VERSION = 5.0;
				TARGETED_DEVICE_FAMILY = "1,2";
			};
			name = Release;
		};
/* End XCBuildConfiguration section */

/* Begin XCConfigurationList section */
		AAABBBC0D0E0F1A2B3C4D5F3 /* Build configuration list for PBXProject "AgentDigitalTwin" */ = {
			isa = XCConfigurationList;
			buildConfigurations = (
				AAABBBC0D0E0F1A2B3C4D5F5 /* Debug */,
				AAABBBC0D0E0F1A2B3C4D5F6 /* Release */,
			);
			defaultConfigurationIsVisible = 0;
			defaultConfigurationName = Release;
		};
		AAABBBC0D0E0F1A2B3C4D5F4 /* Build configuration list for PBXNativeTarget "AgentDigitalTwin" */ = {
			isa = XCConfigurationList;
			buildConfigurations = (
				AAABBBC0D0E0F1A2B3C4D5F7 /* Debug */,
				AAABBBC0D0E0F1A2B3C4D5F8 /* Release */,
			);
			defaultConfigurationIsVisible = 0;
			defaultConfigurationName = Release;
		};
/* End XCConfigurationList section */

	};
	rootObject = AAABBBC0D0E0F1A2B3C4D5E6 /* Project object */;
}
